
Microsoft Visual Studio Solution File, Format Version 12.00
# Visual Studio Version 17
VisualStudioVersion = 17.8.34309.116
MinimumVisualStudioVersion = 10.0.40219.1
Project("{9A19103F-16F7-4668-BE54-9A1E7A4F7556}") = "API_Condominio", "API_Condominio.csproj", "{48A3A049-55E8-4355-9984-3D6CC4A15590}"
EndProject
Global
	GlobalSection(SolutionConfigurationPlatforms) = preSolution
		Debug|Any CPU = Debug|Any CPU
		Release|Any CPU = Release|Any CPU
	EndGlobalSection
	GlobalSection(ProjectConfigurationPlatforms) = postSolution
		{48A3A049-55E8-4355-9984-3D6CC4A15590}.Debug|Any CPU.ActiveCfg = Debug|Any CPU
		{48A3A049-55E8-4355-9984-3D6CC4A15590}.Debug|Any CPU.Build.0 = Debug|Any CPU
		{48A3A049-55E8-4355-9984-3D6CC4A15590}.Release|Any CPU.ActiveCfg = Release|Any CPU
		{48A3A049-55E8-4355-9984-3D6CC4A15590}.Release|Any CPU.Build.0 = Release|Any CPU
	EndGlobalSection
	GlobalSection(SolutionProperties) = preSolution
		HideSolutionNode = FALSE
	EndGlobalSection
	GlobalSection(ExtensibilityGlobals) = postSolution
		SolutionGuid = {EEE2314A-EDB3-471D-966D-5CED974F4C42}
	EndGlobalSection
EndGlobal
